
Microsoft Visual Studio Solution File, Format Version 12.00
# Visual Studio 15
VisualStudioVersion = 15.0.28307.572
MinimumVisualStudioVersion = 10.0.40219.1
Project("{8BC9CEB8-8B4A-11D0-8D11-00A0C91BC942}") = "imgui-boilerplate", "etc\projects\VisualStudio\imgui-boilerplate.vcxproj", "{99D837D1-EC03-42E6-844A-4B489BE71D75}"
EndProject
Global
	GlobalSection(SolutionConfigurationPlatforms) = preSolution
		Debug|x86 = Debug|x86
		Release|x86 = Release|x86
	EndGlobalSection
	GlobalSection(ProjectConfigurationPlatforms) = postSolution
		{99D837D1-EC03-42E6-844A-4B489BE71D75}.Debug|x86.ActiveCfg = Debug|Win32
		{99D837D1-EC03-42E6-844A-4B489BE71D75}.Debug|x86.Build.0 = Debug|Win32
		{99D837D1-EC03-42E6-844A-4B489BE71D75}.Release|x86.ActiveCfg = Release|Win32
		{99D837D1-EC03-42E6-844A-4B489BE71D75}.Release|x86.Build.0 = Release|Win32
	EndGlobalSection
	GlobalSection(SolutionProperties) = preSolution
		HideSolutionNode = FALSE
	EndGlobalSection
	GlobalSection(ExtensibilityGlobals) = postSolution
		SolutionGuid = {B28EA60D-A2D0-480D-B690-2FDE1CB3634A}
	EndGlobalSection
EndGlobal
